{
    "_meta": {
        "hash": {
            "sha256": "69601b0f3185f209cc120f24a95b3636ca2b7089d7bf103f5e9d2617392e10ed"
        },
        "pipfile-spec": 6,
        "requires": {
            "python_version": "3.8"
        },
        "sources": [
            {
                "name": "pypi",
                "url": "https://pypi.org/simple",
                "verify_ssl": true
            }
        ]
    },
    "default": {
        "brownie": {
            "hashes": [
                "sha256:07f7d594feedf3d3dca160fd0bd1156e5077ef6ddb64ac759eebf1c56f83ce37"
            ],
            "index": "pypi",
            "version": "==0.5.1"
        },
        "python-dotenv": {
            "hashes": [
                "sha256:b7e3b04a59693c42c36f9ab1cc2acc46fa5df8c78e178fc33a8d4cd05c8d498f",
                "sha256:d92a187be61fe482e4fd675b6d52200e7be63a12b724abbf931a40ce4fa92938"
            ],
            "index": "pypi",
            "version": "==0.20.0"
        }
    },
    "develop": {}
}
